
Microsoft Visual Studio Solution File, Format Version 12.00
# Visual Studio Version 16
VisualStudioVersion = 16.0.31025.194
MinimumVisualStudioVersion = 15.0.26124.0
Project("{2150E333-8FDC-42A3-9474-1A3956D46DE8}") = "Services", "Services", "{68F89B88-5C6C-45DA-A45C-4FABAF8DB10E}"
EndProject
Project("{2150E333-8FDC-42A3-9474-1A3956D46DE8}") = "WebApps", "WebApps", "{66D0BED6-F7CE-46A6-9AF7-27BD3964DBB2}"
EndProject
Project("{2150E333-8FDC-42A3-9474-1A3956D46DE8}") = "Catalogo", "Catalogo", "{17B617E0-74BD-4D54-9BBE-26E066F5F8A8}"
EndProject
Project("{2150E333-8FDC-42A3-9474-1A3956D46DE8}") = "Core", "Core", "{C809AC12-2F13-43E3-9CA4-12D61A91CB79}"
EndProject
Project("{9A19103F-16F7-4668-BE54-9A1E7A4F7556}") = "Store.Core", "Store.Core\Store.Core.csproj", "{324E2759-C1B8-44AE-8AA6-D3ED48A133FB}"
EndProject
Project("{2150E333-8FDC-42A3-9474-1A3956D46DE8}") = "Tests", "Tests", "{5C69BCBA-90C3-43FF-900C-A2A54DB7AA32}"
EndProject
Project("{9A19103F-16F7-4668-BE54-9A1E7A4F7556}") = "Store.Catalogo.Domain.Tests", "Store.Catalogo.Domain.Tests\Store.Catalogo.Domain.Tests.csproj", "{80A80EDE-F025-4BD6-B180-F4EF6C451F85}"
EndProject
Project("{2150E333-8FDC-42A3-9474-1A3956D46DE8}") = "Cadastros", "Cadastros", "{62C28731-14E1-4181-853A-EF31B9D93C90}"
EndProject
Project("{9A19103F-16F7-4668-BE54-9A1E7A4F7556}") = "Store.Catalogo.Data", "Store.Catalogo.Data\Store.Catalogo.Data.csproj", "{97958DFE-1CB8-484C-87B2-43010838A471}"
EndProject
Project("{9A19103F-16F7-4668-BE54-9A1E7A4F7556}") = "Store.Catalogo.Application", "Store.Catalogo.Application\Store.Catalogo.Application.csproj", "{1B50E49D-89EE-4537-B16A-F6638859D19D}"
EndProject
Project("{9A19103F-16F7-4668-BE54-9A1E7A4F7556}") = "Store.WebApp.MVC", "Store.WebApp.MVC\Store.WebApp.MVC.csproj", "{9CE27D4F-DFEC-44B7-ABA8-82743C457DDA}"
EndProject
Project("{9A19103F-16F7-4668-BE54-9A1E7A4F7556}") = "Store.Catalogo.Domain", "Store.Catalogo.Domain\Store.Catalogo.Domain.csproj", "{C77A22D5-E673-4B05-8DA4-AA0BE7FE15B9}"
EndProject
Project("{2150E333-8FDC-42A3-9474-1A3956D46DE8}") = "Vendas", "Vendas", "{A2CC36FE-AE6C-46CB-92EE-D51B1F0A266C}"
EndProject
Project("{FAE04EC0-301F-11D3-BF4B-00C04F79EFBC}") = "Store.Vendas.Domain", "Store.Vendas.Domain\Store.Vendas.Domain.csproj", "{C0E146D1-B9D6-4D08-B1F3-6C0E282EF1DF}"
EndProject
Project("{FAE04EC0-301F-11D3-BF4B-00C04F79EFBC}") = "Store.Vendas.Application", "Store.Vendas.Application\Store.Vendas.Application.csproj", "{E194321D-90D3-484E-B0AB-9AE679DA00D8}"
EndProject
Project("{FAE04EC0-301F-11D3-BF4B-00C04F79EFBC}") = "Store.Vendas.Data", "Store.Vendas.Data\Store.Vendas.Data.csproj", "{C86B8B1B-8156-424B-AFBE-3CB29DFAA0BD}"
EndProject
Global
	GlobalSection(SolutionConfigurationPlatforms) = preSolution
		Debug|Any CPU = Debug|Any CPU
		Release|Any CPU = Release|Any CPU
	EndGlobalSection
	GlobalSection(ProjectConfigurationPlatforms) = postSolution
		{324E2759-C1B8-44AE-8AA6-D3ED48A133FB}.Debug|Any CPU.ActiveCfg = Debug|Any CPU
		{324E2759-C1B8-44AE-8AA6-D3ED48A133FB}.Debug|Any CPU.Build.0 = Debug|Any CPU
		{324E2759-C1B8-44AE-8AA6-D3ED48A133FB}.Release|Any CPU.ActiveCfg = Release|Any CPU
		{324E2759-C1B8-44AE-8AA6-D3ED48A133FB}.Release|Any CPU.Build.0 = Release|Any CPU
		{80A80EDE-F025-4BD6-B180-F4EF6C451F85}.Debug|Any CPU.ActiveCfg = Debug|Any CPU
		{80A80EDE-F025-4BD6-B180-F4EF6C451F85}.Debug|Any CPU.Build.0 = Debug|Any CPU
		{80A80EDE-F025-4BD6-B180-F4EF6C451F85}.Release|Any CPU.ActiveCfg = Release|Any CPU
		{80A80EDE-F025-4BD6-B180-F4EF6C451F85}.Release|Any CPU.Build.0 = Release|Any CPU
		{97958DFE-1CB8-484C-87B2-43010838A471}.Debug|Any CPU.ActiveCfg = Debug|Any CPU
		{97958DFE-1CB8-484C-87B2-43010838A471}.Debug|Any CPU.Build.0 = Debug|Any CPU
		{97958DFE-1CB8-484C-87B2-43010838A471}.Release|Any CPU.ActiveCfg = Release|Any CPU
		{97958DFE-1CB8-484C-87B2-43010838A471}.Release|Any CPU.Build.0 = Release|Any CPU
		{1B50E49D-89EE-4537-B16A-F6638859D19D}.Debug|Any CPU.ActiveCfg = Debug|Any CPU
		{1B50E49D-89EE-4537-B16A-F6638859D19D}.Debug|Any CPU.Build.0 = Debug|Any CPU
		{1B50E49D-89EE-4537-B16A-F6638859D19D}.Release|Any CPU.ActiveCfg = Release|Any CPU
		{1B50E49D-89EE-4537-B16A-F6638859D19D}.Release|Any CPU.Build.0 = Release|Any CPU
		{9CE27D4F-DFEC-44B7-ABA8-82743C457DDA}.Debug|Any CPU.ActiveCfg = Debug|Any CPU
		{9CE27D4F-DFEC-44B7-ABA8-82743C457DDA}.Debug|Any CPU.Build.0 = Debug|Any CPU
		{9CE27D4F-DFEC-44B7-ABA8-82743C457DDA}.Release|Any CPU.ActiveCfg = Release|Any CPU
		{9CE27D4F-DFEC-44B7-ABA8-82743C457DDA}.Release|Any CPU.Build.0 = Release|Any CPU
		{C77A22D5-E673-4B05-8DA4-AA0BE7FE15B9}.Debug|Any CPU.ActiveCfg = Debug|Any CPU
		{C77A22D5-E673-4B05-8DA4-AA0BE7FE15B9}.Debug|Any CPU.Build.0 = Debug|Any CPU
		{C77A22D5-E673-4B05-8DA4-AA0BE7FE15B9}.Release|Any CPU.ActiveCfg = Release|Any CPU
		{C77A22D5-E673-4B05-8DA4-AA0BE7FE15B9}.Release|Any CPU.Build.0 = Release|Any CPU
		{C0E146D1-B9D6-4D08-B1F3-6C0E282EF1DF}.Debug|Any CPU.ActiveCfg = Debug|Any CPU
		{C0E146D1-B9D6-4D08-B1F3-6C0E282EF1DF}.Debug|Any CPU.Build.0 = Debug|Any CPU
		{C0E146D1-B9D6-4D08-B1F3-6C0E282EF1DF}.Release|Any CPU.ActiveCfg = Release|Any CPU
		{C0E146D1-B9D6-4D08-B1F3-6C0E282EF1DF}.Release|Any CPU.Build.0 = Release|Any CPU
		{E194321D-90D3-484E-B0AB-9AE679DA00D8}.Debug|Any CPU.ActiveCfg = Debug|Any CPU
		{E194321D-90D3-484E-B0AB-9AE679DA00D8}.Debug|Any CPU.Build.0 = Debug|Any CPU
		{E194321D-90D3-484E-B0AB-9AE679DA00D8}.Release|Any CPU.ActiveCfg = Release|Any CPU
		{E194321D-90D3-484E-B0AB-9AE679DA00D8}.Release|Any CPU.Build.0 = Release|Any CPU
		{C86B8B1B-8156-424B-AFBE-3CB29DFAA0BD}.Debug|Any CPU.ActiveCfg = Debug|Any CPU
		{C86B8B1B-8156-424B-AFBE-3CB29DFAA0BD}.Debug|Any CPU.Build.0 = Debug|Any CPU
		{C86B8B1B-8156-424B-AFBE-3CB29DFAA0BD}.Release|Any CPU.ActiveCfg = Release|Any CPU
		{C86B8B1B-8156-424B-AFBE-3CB29DFAA0BD}.Release|Any CPU.Build.0 = Release|Any CPU
	EndGlobalSection
	GlobalSection(SolutionProperties) = preSolution
		HideSolutionNode = FALSE
	EndGlobalSection
	GlobalSection(NestedProjects) = preSolution
		{17B617E0-74BD-4D54-9BBE-26E066F5F8A8} = {68F89B88-5C6C-45DA-A45C-4FABAF8DB10E}
		{C809AC12-2F13-43E3-9CA4-12D61A91CB79} = {68F89B88-5C6C-45DA-A45C-4FABAF8DB10E}
		{324E2759-C1B8-44AE-8AA6-D3ED48A133FB} = {C809AC12-2F13-43E3-9CA4-12D61A91CB79}
		{5C69BCBA-90C3-43FF-900C-A2A54DB7AA32} = {17B617E0-74BD-4D54-9BBE-26E066F5F8A8}
		{80A80EDE-F025-4BD6-B180-F4EF6C451F85} = {5C69BCBA-90C3-43FF-900C-A2A54DB7AA32}
		{62C28731-14E1-4181-853A-EF31B9D93C90} = {68F89B88-5C6C-45DA-A45C-4FABAF8DB10E}
		{97958DFE-1CB8-484C-87B2-43010838A471} = {17B617E0-74BD-4D54-9BBE-26E066F5F8A8}
		{1B50E49D-89EE-4537-B16A-F6638859D19D} = {17B617E0-74BD-4D54-9BBE-26E066F5F8A8}
		{9CE27D4F-DFEC-44B7-ABA8-82743C457DDA} = {66D0BED6-F7CE-46A6-9AF7-27BD3964DBB2}
		{C77A22D5-E673-4B05-8DA4-AA0BE7FE15B9} = {17B617E0-74BD-4D54-9BBE-26E066F5F8A8}
		{A2CC36FE-AE6C-46CB-92EE-D51B1F0A266C} = {68F89B88-5C6C-45DA-A45C-4FABAF8DB10E}
		{C0E146D1-B9D6-4D08-B1F3-6C0E282EF1DF} = {A2CC36FE-AE6C-46CB-92EE-D51B1F0A266C}
		{E194321D-90D3-484E-B0AB-9AE679DA00D8} = {A2CC36FE-AE6C-46CB-92EE-D51B1F0A266C}
		{C86B8B1B-8156-424B-AFBE-3CB29DFAA0BD} = {A2CC36FE-AE6C-46CB-92EE-D51B1F0A266C}
	EndGlobalSection
	GlobalSection(ExtensibilityGlobals) = postSolution
		SolutionGuid = {B7A8BDCD-5EC8-439B-9564-F83DB0A259EC}
	EndGlobalSection
EndGlobal
